
Microsoft Visual Studio Solution File, Format Version 12.00
# Visual Studio Version 16
VisualStudioVersion = 16.0.31702.278
MinimumVisualStudioVersion = 10.0.40219.1
Project("{F2A71F9B-5D33-465A-A702-920D77279786}") = "FSharp.Kata.WordWrap", "FSharp.Kata.WordWrap\FSharp.Kata.WordWrap.fsproj", "{A109497F-FF0C-40E9-A174-F98212ED1213}"
EndProject
Project("{FAE04EC0-301F-11D3-BF4B-00C04F79EFBC}") = "FSharp.Kata.WordWrap.Cmd", "FSharp.Kata.WordWrap.Cmd\FSharp.Kata.WordWrap.Cmd.csproj", "{713C434B-0000-49EE-8A1D-3AAADD570070}"
EndProject
Global
	GlobalSection(SolutionConfigurationPlatforms) = preSolution
		Debug|Any CPU = Debug|Any CPU
		Release|Any CPU = Release|Any CPU
	EndGlobalSection
	GlobalSection(ProjectConfigurationPlatforms) = postSolution
		{A109497F-FF0C-40E9-A174-F98212ED1213}.Debug|Any CPU.ActiveCfg = Debug|Any CPU
		{A109497F-FF0C-40E9-A174-F98212ED1213}.Debug|Any CPU.Build.0 = Debug|Any CPU
		{A109497F-FF0C-40E9-A174-F98212ED1213}.Release|Any CPU.ActiveCfg = Release|Any CPU
		{A109497F-FF0C-40E9-A174-F98212ED1213}.Release|Any CPU.Build.0 = Release|Any CPU
		{713C434B-0000-49EE-8A1D-3AAADD570070}.Debug|Any CPU.ActiveCfg = Debug|Any CPU
		{713C434B-0000-49EE-8A1D-3AAADD570070}.Debug|Any CPU.Build.0 = Debug|Any CPU
		{713C434B-0000-49EE-8A1D-3AAADD570070}.Release|Any CPU.ActiveCfg = Release|Any CPU
		{713C434B-0000-49EE-8A1D-3AAADD570070}.Release|Any CPU.Build.0 = Release|Any CPU
	EndGlobalSection
	GlobalSection(SolutionProperties) = preSolution
		HideSolutionNode = FALSE
	EndGlobalSection
	GlobalSection(ExtensibilityGlobals) = postSolution
		SolutionGuid = {E3F553C3-2E66-4597-BE8D-93604A2C6D31}
	EndGlobalSection
EndGlobal
